// !$*UTF8*$!
{
	archiveVersion = 1;
	classes = {
	};
	objectVersion = 55;
	objects = {

/* Begin PBXBuildFile section */
		29AF9EB32938BE15002231E1 /* RestartApp.swift in Sources */ = {isa = PBXBuildFile; fileRef = 29AF9EB22938BE15002231E1 /* RestartApp.swift */; };
		29AF9EB52938BE15002231E1 /* ContentView.swift in Sources */ = {isa = PBXBuildFile; fileRef = 29AF9EB42938BE15002231E1 /* ContentView.swift */; };
		29AF9EB72938BE17002231E1 /* Assets.xcassets in Resources */ = {isa = PBXBuildFile; fileRef = 29AF9EB62938BE17002231E1 /* Assets.xcassets */; };
		29AF9EBA2938BE17002231E1 /* Preview Assets.xcassets in Resources */ = {isa = PBXBuildFile; fileRef = 29AF9EB92938BE17002231E1 /* Preview Assets.xcassets */; };
		29AF9EC42938BE17002231E1 /* RestartTests.swift in Sources */ = {isa = PBXBuildFile; fileRef = 29AF9EC32938BE17002231E1 /* RestartTests.swift */; };
		29AF9ECE2938BE17002231E1 /* RestartUITests.swift in Sources */ = {isa = PBXBuildFile; fileRef = 29AF9ECD2938BE17002231E1 /* RestartUITests.swift */; };
		29AF9ED02938BE17002231E1 /* RestartUITestsLaunchTests.swift in Sources */ = {isa = PBXBuildFile; fileRef = 29AF9ECF2938BE17002231E1 /* RestartUITestsLaunchTests.swift */; };
		29AF9EDE2938BFCD002231E1 /* chimeup.mp3 in Resources */ = {isa = PBXBuildFile; fileRef = 29AF9EDC2938BFCD002231E1 /* chimeup.mp3 */; };
		29AF9EDF2938BFCD002231E1 /* success.m4a in Resources */ = {isa = PBXBuildFile; fileRef = 29AF9EDD2938BFCD002231E1 /* success.m4a */; };
		29AF9EE62938C4B3002231E1 /* HomeView.swift in Sources */ = {isa = PBXBuildFile; fileRef = 29AF9EE52938C4B3002231E1 /* HomeView.swift */; };
		29AF9EE82938C4C3002231E1 /* OnboardingView.swift in Sources */ = {isa = PBXBuildFile; fileRef = 29AF9EE72938C4C3002231E1 /* OnboardingView.swift */; };
/* End PBXBuildFile section */

/* Begin PBXContainerItemProxy section */
		29AF9EC02938BE17002231E1 /* PBXContainerItemProxy */ = {
			isa = PBXContainerItemProxy;
			containerPortal = 29AF9EA72938BE15002231E1 /* Project object */;
			proxyType = 1;
			remoteGlobalIDString = 29AF9EAE2938BE15002231E1;
			remoteInfo = Restart;
		};
		29AF9ECA2938BE17002231E1 /* PBXContainerItemProxy */ = {
			isa = PBXContainerItemProxy;
			containerPortal = 29AF9EA72938BE15002231E1 /* Project object */;
			proxyType = 1;
			remoteGlobalIDString = 29AF9EAE2938BE15002231E1;
			remoteInfo = Restart;
		};
/* End PBXContainerItemProxy section */

/* Begin PBXFileReference section */
		29AF9EAF2938BE15002231E1 /* Restart.app */ = {isa = PBXFileReference; explicitFileType = wrapper.application; includeInIndex = 0; path = Restart.app; sourceTree = BUILT_PRODUCTS_DIR; };
		29AF9EB22938BE15002231E1 /* RestartApp.swift */ = {isa = PBXFileReference; lastKnownFileType = sourcecode.swift; path = RestartApp.swift; sourceTree = "<group>"; };
		29AF9EB42938BE15002231E1 /* ContentView.swift */ = {isa = PBXFileReference; lastKnownFileType = sourcecode.swift; path = ContentView.swift; sourceTree = "<group>"; };
		29AF9EB62938BE17002231E1 /* Assets.xcassets */ = {isa = PBXFileReference; lastKnownFileType = folder.assetcatalog; path = Assets.xcassets; sourceTree = "<group>"; };
		29AF9EB92938BE17002231E1 /* Preview Assets.xcassets */ = {isa = PBXFileReference; lastKnownFileType = folder.assetcatalog; path = "Preview Assets.xcassets"; sourceTree = "<group>"; };
		29AF9EBF2938BE17002231E1 /* RestartTests.xctest */ = {isa = PBXFileReference; explicitFileType = wrapper.cfbundle; includeInIndex = 0; path = RestartTests.xctest; sourceTree = BUILT_PRODUCTS_DIR; };
		29AF9EC32938BE17002231E1 /* RestartTests.swift */ = {isa = PBXFileReference; lastKnownFileType = sourcecode.swift; path = RestartTests.swift; sourceTree = "<group>"; };
		29AF9EC92938BE17002231E1 /* RestartUITests.xctest */ = {isa = PBXFileReference; explicitFileType = wrapper.cfbundle; includeInIndex = 0; path = RestartUITests.xctest; sourceTree = BUILT_PRODUCTS_DIR; };
		29AF9ECD2938BE17002231E1 /* RestartUITests.swift */ = {isa = PBXFileReference; lastKnownFileType = sourcecode.swift; path = RestartUITests.swift; sourceTree = "<group>"; };
		29AF9ECF2938BE17002231E1 /* RestartUITestsLaunchTests.swift */ = {isa = PBXFileReference; lastKnownFileType = sourcecode.swift; path = RestartUITestsLaunchTests.swift; sourceTree = "<group>"; };
		29AF9EDC2938BFCD002231E1 /* chimeup.mp3 */ = {isa = PBXFileReference; lastKnownFileType = audio.mp3; path = chimeup.mp3; sourceTree = "<group>"; };
		29AF9EDD2938BFCD002231E1 /* success.m4a */ = {isa = PBXFileReference; lastKnownFileType = file; path = success.m4a; sourceTree = "<group>"; };
		29AF9EE42938C39D002231E1 /* Info.plist */ = {isa = PBXFileReference; lastKnownFileType = text.plist; path = Info.plist; sourceTree = "<group>"; };
		29AF9EE52938C4B3002231E1 /* HomeView.swift */ = {isa = PBXFileReference; lastKnownFileType = sourcecode.swift; path = HomeView.swift; sourceTree = "<group>"; };
		29AF9EE72938C4C3002231E1 /* OnboardingView.swift */ = {isa = PBXFileReference; lastKnownFileType = sourcecode.swift; path = OnboardingView.swift; sourceTree = "<group>"; };
/* End PBXFileReference section */

/* Begin PBXFrameworksBuildPhase section */
		29AF9EAC2938BE15002231E1 /* Frameworks */ = {
			isa = PBXFrameworksBuildPhase;
			buildActionMask = 2147483647;
			files = (
			);
			runOnlyForDeploymentPostprocessing = 0;
		};
		29AF9EBC2938BE17002231E1 /* Frameworks */ = {
			isa = PBXFrameworksBuildPhase;
			buildActionMask = 2147483647;
			files = (
			);
			runOnlyForDeploymentPostprocessing = 0;
		};
		29AF9EC62938BE17002231E1 /* Frameworks */ = {
			isa = PBXFrameworksBuildPhase;
			buildActionMask = 2147483647;
			files = (
			);
			runOnlyForDeploymentPostprocessing = 0;
		};
/* End PBXFrameworksBuildPhase section */

/* Begin PBXGroup section */
		29AF9EA62938BE15002231E1 = {
			isa = PBXGroup;
			children = (
				29AF9EB12938BE15002231E1 /* Restart */,
				29AF9EC22938BE17002231E1 /* RestartTests */,
				29AF9ECC2938BE17002231E1 /* RestartUITests */,
				29AF9EB02938BE15002231E1 /* Products */,
			);
			sourceTree = "<group>";
		};
		29AF9EB02938BE15002231E1 /* Products */ = {
			isa = PBXGroup;
			children = (
				29AF9EAF2938BE15002231E1 /* Restart.app */,
				29AF9EBF2938BE17002231E1 /* RestartTests.xctest */,
				29AF9EC92938BE17002231E1 /* RestartUITests.xctest */,
			);
			name = Products;
			sourceTree = "<group>";
		};
		29AF9EB12938BE15002231E1 /* Restart */ = {
			isa = PBXGroup;
			children = (
				29AF9EE42938C39D002231E1 /* Info.plist */,
				29AF9EE32938C1C3002231E1 /* Utilities */,
				29AF9EE22938C1A9002231E1 /* Views */,
				29AF9EE02938BFEF002231E1 /* Sounds */,
				29AF9EB22938BE15002231E1 /* RestartApp.swift */,
				29AF9EE12938C19A002231E1 /* Screens */,
				29AF9EB62938BE17002231E1 /* Assets.xcassets */,
				29AF9EB82938BE17002231E1 /* Preview Content */,
			);
			path = Restart;
			sourceTree = "<group>";
		};
		29AF9EB82938BE17002231E1 /* Preview Content */ = {
			isa = PBXGroup;
			children = (
				29AF9EB92938BE17002231E1 /* Preview Assets.xcassets */,
			);
			path = "Preview Content";
			sourceTree = "<group>";
		};
		29AF9EC22938BE17002231E1 /* RestartTests */ = {
			isa = PBXGroup;
			children = (
				29AF9EC32938BE17002231E1 /* RestartTests.swift */,
			);
			path = RestartTests;
			sourceTree = "<group>";
		};
		29AF9ECC2938BE17002231E1 /* RestartUITests */ = {
			isa = PBXGroup;
			children = (
				29AF9ECD2938BE17002231E1 /* RestartUITests.swift */,
				29AF9ECF2938BE17002231E1 /* RestartUITestsLaunchTests.swift */,
			);
			path = RestartUITests;
			sourceTree = "<group>";
		};
		29AF9EE02938BFEF002231E1 /* Sounds */ = {
			isa = PBXGroup;
			children = (
				29AF9EDC2938BFCD002231E1 /* chimeup.mp3 */,
				29AF9EDD2938BFCD002231E1 /* success.m4a */,
			);
			path = Sounds;
			sourceTree = "<group>";
		};
		29AF9EE12938C19A002231E1 /* Screens */ = {
			isa = PBXGroup;
			children = (
				29AF9EB42938BE15002231E1 /* ContentView.swift */,
				29AF9EE52938C4B3002231E1 /* HomeView.swift */,
				29AF9EE72938C4C3002231E1 /* OnboardingView.swift */,
			);
			path = Screens;
			sourceTree = "<group>";
		};
		29AF9EE22938C1A9002231E1 /* Views */ = {
			isa = PBXGroup;
			children = (
			);
			path = Views;
			sourceTree = "<group>";
		};
		29AF9EE32938C1C3002231E1 /* Utilities */ = {
			isa = PBXGroup;
			children = (
			);
			path = Utilities;
			sourceTree = "<group>";
		};
/* End PBXGroup section */

/* Begin PBXNativeTarget section */
		29AF9EAE2938BE15002231E1 /* Restart */ = {
			isa = PBXNativeTarget;
			buildConfigurationList = 29AF9ED32938BE17002231E1 /* Build configuration list for PBXNativeTarget "Restart" */;
			buildPhases = (
				29AF9EAB2938BE15002231E1 /* Sources */,
				29AF9EAC2938BE15002231E1 /* Frameworks */,
				29AF9EAD2938BE15002231E1 /* Resources */,
			);
			buildRules = (
			);
			dependencies = (
			);
			name = Restart;
			productName = Restart;
			productReference = 29AF9EAF2938BE15002231E1 /* Restart.app */;
			productType = "com.apple.product-type.application";
		};
		29AF9EBE2938BE17002231E1 /* RestartTests */ = {
			isa = PBXNativeTarget;
			buildConfigurationList = 29AF9ED62938BE17002231E1 /* Build configuration list for PBXNativeTarget "RestartTests" */;
			buildPhases = (
				29AF9EBB2938BE17002231E1 /* Sources */,
				29AF9EBC2938BE17002231E1 /* Frameworks */,
				29AF9EBD2938BE17002231E1 /* Resources */,
			);
			buildRules = (
			);
			dependencies = (
				29AF9EC12938BE17002231E1 /* PBXTargetDependency */,
			);
			name = RestartTests;
			productName = RestartTests;
			productReference = 29AF9EBF2938BE17002231E1 /* RestartTests.xctest */;
			productType = "com.apple.product-type.bundle.unit-test";
		};
		29AF9EC82938BE17002231E1 /* RestartUITests */ = {
			isa = PBXNativeTarget;
			buildConfigurationList = 29AF9ED92938BE17002231E1 /* Build configuration list for PBXNativeTarget "RestartUITests" */;
			buildPhases = (
				29AF9EC52938BE17002231E1 /* Sources */,
				29AF9EC62938BE17002231E1 /* Frameworks */,
				29AF9EC72938BE17002231E1 /* Resources */,
			);
			buildRules = (
			);
			dependencies = (
				29AF9ECB2938BE17002231E1 /* PBXTargetDependency */,
			);
			name = RestartUITests;
			productName = RestartUITests;
			productReference = 29AF9EC92938BE17002231E1 /* RestartUITests.xctest */;
			productType = "com.apple.product-type.bundle.ui-testing";
		};
/* End PBXNativeTarget section */

/* Begin PBXProject section */
		29AF9EA72938BE15002231E1 /* Project object */ = {
			isa = PBXProject;
			attributes = {
				BuildIndependentTargetsInParallel = 1;
				LastSwiftUpdateCheck = 1340;
				LastUpgradeCheck = 1340;
				TargetAttributes = {
					29AF9EAE2938BE15002231E1 = {
						CreatedOnToolsVersion = 13.4.1;
					};
					29AF9EBE2938BE17002231E1 = {
						CreatedOnToolsVersion = 13.4.1;
						TestTargetID = 29AF9EAE2938BE15002231E1;
					};
					29AF9EC82938BE17002231E1 = {
						CreatedOnToolsVersion = 13.4.1;
						TestTargetID = 29AF9EAE2938BE15002231E1;
					};
				};
			};
			buildConfigurationList = 29AF9EAA2938BE15002231E1 /* Build configuration list for PBXProject "Restart" */;
			compatibilityVersion = "Xcode 13.0";
			developmentRegion = en;
			hasScannedForEncodings = 0;
			knownRegions = (
				en,
				Base,
			);
			mainGroup = 29AF9EA62938BE15002231E1;
			productRefGroup = 29AF9EB02938BE15002231E1 /* Products */;
			projectDirPath = "";
			projectRoot = "";
			targets = (
				29AF9EAE2938BE15002231E1 /* Restart */,
				29AF9EBE2938BE17002231E1 /* RestartTests */,
				29AF9EC82938BE17002231E1 /* RestartUITests */,
			);
		};
/* End PBXProject section */

/* Begin PBXResourcesBuildPhase section */
		29AF9EAD2938BE15002231E1 /* Resources */ = {
			isa = PBXResourcesBuildPhase;
			buildActionMask = 2147483647;
			files = (
				29AF9EDF2938BFCD002231E1 /* success.m4a in Resources */,
				29AF9EDE2938BFCD002231E1 /* chimeup.mp3 in Resources */,
				29AF9EBA2938BE17002231E1 /* Preview Assets.xcassets in Resources */,
				29AF9EB72938BE17002231E1 /* Assets.xcassets in Resources */,
			);
			runOnlyForDeploymentPostprocessing = 0;
		};
		29AF9EBD2938BE17002231E1 /* Resources */ = {
			isa = PBXResourcesBuildPhase;
			buildActionMask = 2147483647;
			files = (
			);
			runOnlyForDeploymentPostprocessing = 0;
		};
		29AF9EC72938BE17002231E1 /* Resources */ = {
			isa = PBXResourcesBuildPhase;
			buildActionMask = 2147483647;
			files = (
			);
			runOnlyForDeploymentPostprocessing = 0;
		};
/* End PBXResourcesBuildPhase section */

/* Begin PBXSourcesBuildPhase section */
		29AF9EAB2938BE15002231E1 /* Sources */ = {
			isa = PBXSourcesBuildPhase;
			buildActionMask = 2147483647;
			files = (
				29AF9EE62938C4B3002231E1 /* HomeView.swift in Sources */,
				29AF9EE82938C4C3002231E1 /* OnboardingView.swift in Sources */,
				29AF9EB52938BE15002231E1 /* ContentView.swift in Sources */,
				29AF9EB32938BE15002231E1 /* RestartApp.swift in Sources */,
			);
			runOnlyForDeploymentPostprocessing = 0;
		};
		29AF9EBB2938BE17002231E1 /* Sources */ = {
			isa = PBXSourcesBuildPhase;
			buildActionMask = 2147483647;
			files = (
				29AF9EC42938BE17002231E1 /* RestartTests.swift in Sources */,
			);
			runOnlyForDeploymentPostprocessing = 0;
		};
		29AF9EC52938BE17002231E1 /* Sources */ = {
			isa = PBXSourcesBuildPhase;
			buildActionMask = 2147483647;
			files = (
				29AF9ED02938BE17002231E1 /* RestartUITestsLaunchTests.swift in Sources */,
				29AF9ECE2938BE17002231E1 /* RestartUITests.swift in Sources */,
			);
			runOnlyForDeploymentPostprocessing = 0;
		};
/* End PBXSourcesBuildPhase section */

/* Begin PBXTargetDependency section */
		29AF9EC12938BE17002231E1 /* PBXTargetDependency */ = {
			isa = PBXTargetDependency;
			target = 29AF9EAE2938BE15002231E1 /* Restart */;
			targetProxy = 29AF9EC02938BE17002231E1 /* PBXContainerItemProxy */;
		};
		29AF9ECB2938BE17002231E1 /* PBXTargetDependency */ = {
			isa = PBXTargetDependency;
			target = 29AF9EAE2938BE15002231E1 /* Restart */;
			targetProxy = 29AF9ECA2938BE17002231E1 /* PBXContainerItemProxy */;
		};
/* End PBXTargetDependency section */

/* Begin XCBuildConfiguration section */
		29AF9ED12938BE17002231E1 /* Debug */ = {
			isa = XCBuildConfiguration;
			buildSettings = {
				ALWAYS_SEARCH_USER_PATHS = NO;
				CLANG_ANALYZER_NONNULL = YES;
				CLANG_ANALYZER_NUMBER_OBJECT_CONVERSION = YES_AGGRESSIVE;
				CLANG_CXX_LANGUAGE_STANDARD = "gnu++17";
				CLANG_ENABLE_MODULES = YES;
				CLANG_ENABLE_OBJC_ARC = YES;
				CLANG_ENABLE_OBJC_WEAK = YES;
				CLANG_WARN_BLOCK_CAPTURE_AUTORELEASING = YES;
				CLANG_WARN_BOOL_CONVERSION = YES;
				CLANG_WARN_COMMA = YES;
				CLANG_WARN_CONSTANT_CONVERSION = YES;
				CLANG_WARN_DEPRECATED_OBJC_IMPLEMENTATIONS = YES;
				CLANG_WARN_DIRECT_OBJC_ISA_USAGE = YES_ERROR;
				CLANG_WARN_DOCUMENTATION_COMMENTS = YES;
				CLANG_WARN_EMPTY_BODY = YES;
				CLANG_WARN_ENUM_CONVERSION = YES;
				CLANG_WARN_INFINITE_RECURSION = YES;
				CLANG_WARN_INT_CONVERSION = YES;
				CLANG_WARN_NON_LITERAL_NULL_CONVERSION = YES;
				CLANG_WARN_OBJC_IMPLICIT_RETAIN_SELF = YES;
				CLANG_WARN_OBJC_LITERAL_CONVERSION = YES;
				CLANG_WARN_OBJC_ROOT_CLASS = YES_ERROR;
				CLANG_WARN_QUOTED_INCLUDE_IN_FRAMEWORK_HEADER = YES;
				CLANG_WARN_RANGE_LOOP_ANALYSIS = YES;
				CLANG_WARN_STRICT_PROTOTYPES = YES;
				CLANG_WARN_SUSPICIOUS_MOVE = YES;
				CLANG_WARN_UNGUARDED_AVAILABILITY = YES_AGGRESSIVE;
				CLANG_WARN_UNREACHABLE_CODE = YES;
				CLANG_WARN__DUPLICATE_METHOD_MATCH = YES;
				COPY_PHASE_STRIP = NO;
				DEBUG_INFORMATION_FORMAT = dwarf;
				ENABLE_STRICT_OBJC_MSGSEND = YES;
				ENABLE_TESTABILITY = YES;
				GCC_C_LANGUAGE_STANDARD = gnu11;
				GCC_DYNAMIC_NO_PIC = NO;
				GCC_NO_COMMON_BLOCKS = YES;
				GCC_OPTIMIZATION_LEVEL = 0;
				GCC_PREPROCESSOR_DEFINITIONS = (
					"DEBUG=1",
					"$(inherited)",
				);
				GCC_WARN_64_TO_32_BIT_CONVERSION = YES;
				GCC_WARN_ABOUT_RETURN_TYPE = YES_ERROR;
				GCC_WARN_UNDECLARED_SELECTOR = YES;
				GCC_WARN_UNINITIALIZED_AUTOS = YES_AGGRESSIVE;
				GCC_WARN_UNUSED_FUNCTION = YES;
				GCC_WARN_UNUSED_VARIABLE = YES;
				IPHONEOS_DEPLOYMENT_TARGET = 15.5;
				MTL_ENABLE_DEBUG_INFO = INCLUDE_SOURCE;
				MTL_FAST_MATH = YES;
				ONLY_ACTIVE_ARCH = YES;
				SDKROOT = iphoneos;
				SWIFT_ACTIVE_COMPILATION_CONDITIONS = DEBUG;
				SWIFT_OPTIMIZATION_LEVEL = "-Onone";
			};
			name = Debug;
		};
		29AF9ED22938BE17002231E1 /* Release */ = {
			isa = XCBuildConfiguration;
			buildSettings = {
				ALWAYS_SEARCH_USER_PATHS = NO;
				CLANG_ANALYZER_NONNULL = YES;
				CLANG_ANALYZER_NUMBER_OBJECT_CONVERSION = YES_AGGRESSIVE;
				CLANG_CXX_LANGUAGE_STANDARD = "gnu++17";
				CLANG_ENABLE_MODULES = YES;
				CLANG_ENABLE_OBJC_ARC = YES;
				CLANG_ENABLE_OBJC_WEAK = YES;
				CLANG_WARN_BLOCK_CAPTURE_AUTORELEASING = YES;
				CLANG_WARN_BOOL_CONVERSION = YES;
				CLANG_WARN_COMMA = YES;
				CLANG_WARN_CONSTANT_CONVERSION = YES;
				CLANG_WARN_DEPRECATED_OBJC_IMPLEMENTATIONS = YES;
				CLANG_WARN_DIRECT_OBJC_ISA_USAGE = YES_ERROR;
				CLANG_WARN_DOCUMENTATION_COMMENTS = YES;
				CLANG_WARN_EMPTY_BODY = YES;
				CLANG_WARN_ENUM_CONVERSION = YES;
				CLANG_WARN_INFINITE_RECURSION = YES;
				CLANG_WARN_INT_CONVERSION = YES;
				CLANG_WARN_NON_LITERAL_NULL_CONVERSION = YES;
				CLANG_WARN_OBJC_IMPLICIT_RETAIN_SELF = YES;
				CLANG_WARN_OBJC_LITERAL_CONVERSION = YES;
				CLANG_WARN_OBJC_ROOT_CLASS = YES_ERROR;
				CLANG_WARN_QUOTED_INCLUDE_IN_FRAMEWORK_HEADER = YES;
				CLANG_WARN_RANGE_LOOP_ANALYSIS = YES;
				CLANG_WARN_STRICT_PROTOTYPES = YES;
				CLANG_WARN_SUSPICIOUS_MOVE = YES;
				CLANG_WARN_UNGUARDED_AVAILABILITY = YES_AGGRESSIVE;
				CLANG_WARN_UNREACHABLE_CODE = YES;
				CLANG_WARN__DUPLICATE_METHOD_MATCH = YES;
				COPY_PHASE_STRIP = NO;
				DEBUG_INFORMATION_FORMAT = "dwarf-with-dsym";
				ENABLE_NS_ASSERTIONS = NO;
				ENABLE_STRICT_OBJC_MSGSEND = YES;
				GCC_C_LANGUAGE_STANDARD = gnu11;
				GCC_NO_COMMON_BLOCKS = YES;
				GCC_WARN_64_TO_32_BIT_CONVERSION = YES;
				GCC_WARN_ABOUT_RETURN_TYPE = YES_ERROR;
				GCC_WARN_UNDECLARED_SELECTOR = YES;
				GCC_WARN_UNINITIALIZED_AUTOS = YES_AGGRESSIVE;
				GCC_WARN_UNUSED_FUNCTION = YES;
				GCC_WARN_UNUSED_VARIABLE = YES;
				IPHONEOS_DEPLOYMENT_TARGET = 15.5;
				MTL_ENABLE_DEBUG_INFO = NO;
				MTL_FAST_MATH = YES;
				SDKROOT = iphoneos;
				SWIFT_COMPILATION_MODE = wholemodule;
				SWIFT_OPTIMIZATION_LEVEL = "-O";
				VALIDATE_PRODUCT = YES;
			};
			name = Release;
		};
		29AF9ED42938BE17002231E1 /* Debug */ = {
			isa = XCBuildConfiguration;
			buildSettings = {
				ASSETCATALOG_COMPILER_APPICON_NAME = AppIcon;
				ASSETCATALOG_COMPILER_GLOBAL_ACCENT_COLOR_NAME = AccentColor;
				CODE_SIGN_STYLE = Automatic;
				CURRENT_PROJECT_VERSION = 1;
				DEVELOPMENT_ASSET_PATHS = "\"Restart/Preview Content\"";
				DEVELOPMENT_TEAM = 348B6A9XT6;
				ENABLE_PREVIEWS = YES;
				GENERATE_INFOPLIST_FILE = YES;
				INFOPLIST_FILE = Restart/Info.plist;
				INFOPLIST_KEY_LSApplicationCategoryType = "";
				INFOPLIST_KEY_UIApplicationSceneManifest_Generation = YES;
				INFOPLIST_KEY_UIApplicationSupportsIndirectInputEvents = YES;
				INFOPLIST_KEY_UISupportedInterfaceOrientations = UIInterfaceOrientationPortrait;
				INFOPLIST_KEY_UISupportedInterfaceOrientations_iPad = "UIInterfaceOrientationPortrait UIInterfaceOrientationPortraitUpsideDown UIInterfaceOrientationLandscapeLeft UIInterfaceOrientationLandscapeRight";
				INFOPLIST_KEY_UISupportedInterfaceOrientations_iPhone = UIInterfaceOrientationPortrait;
				LD_RUNPATH_SEARCH_PATHS = (
					"$(inherited)",
					"@executable_path/Frameworks",
				);
				MARKETING_VERSION = 1.0;
				PRODUCT_BUNDLE_IDENTIFIER = com.restart.Restart;
				PRODUCT_NAME = "$(TARGET_NAME)";
				SWIFT_EMIT_LOC_STRINGS = YES;
				SWIFT_VERSION = 5.0;
				TARGETED_DEVICE_FAMILY = "1,2";
			};
			name = Debug;
		};
		29AF9ED52938BE17002231E1 /* Release */ = {
			isa = XCBuildConfiguration;
			buildSettings = {
				ASSETCATALOG_COMPILER_APPICON_NAME = AppIcon;
				ASSETCATALOG_COMPILER_GLOBAL_ACCENT_COLOR_NAME = AccentColor;
				CODE_SIGN_STYLE = Automatic;
				CURRENT_PROJECT_VERSION = 1;
				DEVELOPMENT_ASSET_PATHS = "\"Restart/Preview Content\"";
				DEVELOPMENT_TEAM = 348B6A9XT6;
				ENABLE_PREVIEWS = YES;
				GENERATE_INFOPLIST_FILE = YES;
				INFOPLIST_FILE = Restart/Info.plist;
				INFOPLIST_KEY_LSApplicationCategoryType = "";
				INFOPLIST_KEY_UIApplicationSceneManifest_Generation = YES;
				INFOPLIST_KEY_UIApplicationSupportsIndirectInputEvents = YES;
				INFOPLIST_KEY_UISupportedInterfaceOrientations = UIInterfaceOrientationPortrait;
				INFOPLIST_KEY_UISupportedInterfaceOrientations_iPad = "UIInterfaceOrientationPortrait UIInterfaceOrientationPortraitUpsideDown UIInterfaceOrientationLandscapeLeft UIInterfaceOrientationLandscapeRight";
				INFOPLIST_KEY_UISupportedInterfaceOrientations_iPhone = UIInterfaceOrientationPortrait;
				LD_RUNPATH_SEARCH_PATHS = (
					"$(inherited)",
					"@executable_path/Frameworks",
				);
				MARKETING_VERSION = 1.0;
				PRODUCT_BUNDLE_IDENTIFIER = com.restart.Restart;
				PRODUCT_NAME = "$(TARGET_NAME)";
				SWIFT_EMIT_LOC_STRINGS = YES;
				SWIFT_VERSION = 5.0;
				TARGETED_DEVICE_FAMILY = "1,2";
			};
			name = Release;
		};
		29AF9ED72938BE17002231E1 /* Debug */ = {
			isa = XCBuildConfiguration;
			buildSettings = {
				ALWAYS_EMBED_SWIFT_STANDARD_LIBRARIES = YES;
				BUNDLE_LOADER = "$(TEST_HOST)";
				CODE_SIGN_STYLE = Automatic;
				CURRENT_PROJECT_VERSION = 1;
				DEVELOPMENT_TEAM = 348B6A9XT6;
				GENERATE_INFOPLIST_FILE = YES;
				IPHONEOS_DEPLOYMENT_TARGET = 15.5;
				MARKETING_VERSION = 1.0;
				PRODUCT_BUNDLE_IDENTIFIER = com.restart.RestartTests;
				PRODUCT_NAME = "$(TARGET_NAME)";
				SWIFT_EMIT_LOC_STRINGS = NO;
				SWIFT_VERSION = 5.0;
				TARGETED_DEVICE_FAMILY = "1,2";
				TEST_HOST = "$(BUILT_PRODUCTS_DIR)/Restart.app/Restart";
			};
			name = Debug;
		};
		29AF9ED82938BE17002231E1 /* Release */ = {
			isa = XCBuildConfiguration;
			buildSettings = {
				ALWAYS_EMBED_SWIFT_STANDARD_LIBRARIES = YES;
				BUNDLE_LOADER = "$(TEST_HOST)";
				CODE_SIGN_STYLE = Automatic;
				CURRENT_PROJECT_VERSION = 1;
				DEVELOPMENT_TEAM = 348B6A9XT6;
				GENERATE_INFOPLIST_FILE = YES;
				IPHONEOS_DEPLOYMENT_TARGET = 15.5;
				MARKETING_VERSION = 1.0;
				PRODUCT_BUNDLE_IDENTIFIER = com.restart.RestartTests;
				PRODUCT_NAME = "$(TARGET_NAME)";
				SWIFT_EMIT_LOC_STRINGS = NO;
				SWIFT_VERSION = 5.0;
				TARGETED_DEVICE_FAMILY = "1,2";
				TEST_HOST = "$(BUILT_PRODUCTS_DIR)/Restart.app/Restart";
			};
			name = Release;
		};
		29AF9EDA2938BE17002231E1 /* Debug */ = {
			isa = XCBuildConfiguration;
			buildSettings = {
				ALWAYS_EMBED_SWIFT_STANDARD_LIBRARIES = YES;
				CODE_SIGN_STYLE = Automatic;
				CURRENT_PROJECT_VERSION = 1;
				DEVELOPMENT_TEAM = 348B6A9XT6;
				GENERATE_INFOPLIST_FILE = YES;
				MARKETING_VERSION = 1.0;
				PRODUCT_BUNDLE_IDENTIFIER = com.restart.RestartUITests;
				PRODUCT_NAME = "$(TARGET_NAME)";
				SWIFT_EMIT_LOC_STRINGS = NO;
				SWIFT_VERSION = 5.0;
				TARGETED_DEVICE_FAMILY = "1,2";
				TEST_TARGET_NAME = Restart;
			};
			name = Debug;
		};
		29AF9EDB2938BE17002231E1 /* Release */ = {
			isa = XCBuildConfiguration;
			buildSettings = {
				ALWAYS_EMBED_SWIFT_STANDARD_LIBRARIES = YES;
				CODE_SIGN_STYLE = Automatic;
				CURRENT_PROJECT_VERSION = 1;
				DEVELOPMENT_TEAM = 348B6A9XT6;
				GENERATE_INFOPLIST_FILE = YES;
				MARKETING_VERSION = 1.0;
				PRODUCT_BUNDLE_IDENTIFIER = com.restart.RestartUITests;
				PRODUCT_NAME = "$(TARGET_NAME)";
				SWIFT_EMIT_LOC_STRINGS = NO;
				SWIFT_VERSION = 5.0;
				TARGETED_DEVICE_FAMILY = "1,2";
				TEST_TARGET_NAME = Restart;
			};
			name = Release;
		};
/* End XCBuildConfiguration section */

/* Begin XCConfigurationList section */
		29AF9EAA2938BE15002231E1 /* Build configuration list for PBXProject "Restart" */ = {
			isa = XCConfigurationList;
			buildConfigurations = (
				29AF9ED12938BE17002231E1 /* Debug */,
				29AF9ED22938BE17002231E1 /* Release */,
			);
			defaultConfigurationIsVisible = 0;
			defaultConfigurationName = Release;
		};
		29AF9ED32938BE17002231E1 /* Build configuration list for PBXNativeTarget "Restart" */ = {
			isa = XCConfigurationList;
			buildConfigurations = (
				29AF9ED42938BE17002231E1 /* Debug */,
				29AF9ED52938BE17002231E1 /* Release */,
			);
			defaultConfigurationIsVisible = 0;
			defaultConfigurationName = Release;
		};
		29AF9ED62938BE17002231E1 /* Build configuration list for PBXNativeTarget "RestartTests" */ = {
			isa = XCConfigurationList;
			buildConfigurations = (
				29AF9ED72938BE17002231E1 /* Debug */,
				29AF9ED82938BE17002231E1 /* Release */,
			);
			defaultConfigurationIsVisible = 0;
			defaultConfigurationName = Release;
		};
		29AF9ED92938BE17002231E1 /* Build configuration list for PBXNativeTarget "RestartUITests" */ = {
			isa = XCConfigurationList;
			buildConfigurations = (
				29AF9EDA2938BE17002231E1 /* Debug */,
				29AF9EDB2938BE17002231E1 /* Release */,
			);
			defaultConfigurationIsVisible = 0;
			defaultConfigurationName = Release;
		};
/* End XCConfigurationList section */
	};
	rootObject = 29AF9EA72938BE15002231E1 /* Project object */;
}
